
Microsoft Visual Studio Solution File, Format Version 12.00
# Visual Studio Version 17
VisualStudioVersion = 17.4.33403.182
MinimumVisualStudioVersion = 10.0.40219.1
Project("{FAE04EC0-301F-11D3-BF4B-00C04F79EFBC}") = "To_Do", "To_Do.csproj", "{AC06DDF9-ACDD-45B1-9220-65EB2D578F42}"
EndProject
Global
	GlobalSection(SolutionConfigurationPlatforms) = preSolution
		Debug|Any CPU = Debug|Any CPU
		Release|Any CPU = Release|Any CPU
	EndGlobalSection
	GlobalSection(ProjectConfigurationPlatforms) = postSolution
		{AC06DDF9-ACDD-45B1-9220-65EB2D578F42}.Debug|Any CPU.ActiveCfg = Debug|Any CPU
		{AC06DDF9-ACDD-45B1-9220-65EB2D578F42}.Debug|Any CPU.Build.0 = Debug|Any CPU
		{AC06DDF9-ACDD-45B1-9220-65EB2D578F42}.Release|Any CPU.ActiveCfg = Release|Any CPU
		{AC06DDF9-ACDD-45B1-9220-65EB2D578F42}.Release|Any CPU.Build.0 = Release|Any CPU
	EndGlobalSection
	GlobalSection(SolutionProperties) = preSolution
		HideSolutionNode = FALSE
	EndGlobalSection
	GlobalSection(ExtensibilityGlobals) = postSolution
		SolutionGuid = {843835EE-B18F-40E1-847D-C52DB7E0ED0D}
	EndGlobalSection
EndGlobal
